
Microsoft Visual Studio Solution File, Format Version 12.00
# Visual Studio 15
VisualStudioVersion = 15.0.28010.2050
MinimumVisualStudioVersion = 10.0.40219.1
Project("{FAE04EC0-301F-11D3-BF4B-00C04F79EFBC}") = "ShoefitterDX", "ShoefitterDX\ShoefitterDX.csproj", "{F09DD53A-FF8A-4877-BD3B-3F0B6C767251}"
EndProject
Project("{FAE04EC0-301F-11D3-BF4B-00C04F79EFBC}") = "SAGESharp", "SAGESharp\SAGESharp.csproj", "{CA7EBE43-FEBB-49F4-AD76-04075FBA3B13}"
EndProject
Project("{2150E333-8FDC-42A3-9474-1A3956D46DE8}") = "Solution Items", "Solution Items", "{D4DC415C-340E-4465-BFD6-B0D4AF6B441C}"
	ProjectSection(SolutionItems) = preProject
		.gitignore = .gitignore
	EndProjectSection
EndProject
Global
	GlobalSection(SolutionConfigurationPlatforms) = preSolution
		Debug|Any CPU = Debug|Any CPU
		Release|Any CPU = Release|Any CPU
	EndGlobalSection
	GlobalSection(ProjectConfigurationPlatforms) = postSolution
		{F09DD53A-FF8A-4877-BD3B-3F0B6C767251}.Debug|Any CPU.ActiveCfg = Debug|Any CPU
		{F09DD53A-FF8A-4877-BD3B-3F0B6C767251}.Debug|Any CPU.Build.0 = Debug|Any CPU
		{F09DD53A-FF8A-4877-BD3B-3F0B6C767251}.Release|Any CPU.ActiveCfg = Release|Any CPU
		{F09DD53A-FF8A-4877-BD3B-3F0B6C767251}.Release|Any CPU.Build.0 = Release|Any CPU
		{CA7EBE43-FEBB-49F4-AD76-04075FBA3B13}.Debug|Any CPU.ActiveCfg = Debug|Any CPU
		{CA7EBE43-FEBB-49F4-AD76-04075FBA3B13}.Debug|Any CPU.Build.0 = Debug|Any CPU
		{CA7EBE43-FEBB-49F4-AD76-04075FBA3B13}.Release|Any CPU.ActiveCfg = Release|Any CPU
		{CA7EBE43-FEBB-49F4-AD76-04075FBA3B13}.Release|Any CPU.Build.0 = Release|Any CPU
	EndGlobalSection
	GlobalSection(SolutionProperties) = preSolution
		HideSolutionNode = FALSE
	EndGlobalSection
	GlobalSection(ExtensibilityGlobals) = postSolution
		SolutionGuid = {45ACDD20-31DD-42D2-8C32-C7F18444BFC3}
	EndGlobalSection
EndGlobal
